{
  "name": "example",
  "version": "1.0.0",
  "lockfileVersion": 3,
  "requires": true,
  "packages": {
    "": {
      "name": "example",
      "version": "1.0.0",
      "license": "ISC",
      "dependencies": {
        "@aashari/boilerplate-npm-package": "^1.6.1"
      }
    },
    "node_modules/@aashari/boilerplate-npm-package": {
      "version": "1.6.1",
      "resolved": "https://registry.npmjs.org/@aashari/boilerplate-npm-package/-/boilerplate-npm-package-1.6.1.tgz",
      "integrity": "sha512-4FyUVPqp0q2b4VOW55fU28ZmUkL2J9bxqPTJWQ1X3MP8FCYIz88hLCFoypJwAygvWwYNoKELgmxBsVeHwV9jfg==",
      "license": "ISC",
      "dependencies": {
        "@types/commander": "^2.12.5",
        "commander": "^13.1.0"
      },
      "bin": {
        "my-node-package": "dist/index.js"
      }
    },
    "node_modules/@types/commander": {
      "version": "2.12.5",
      "resolved": "https://registry.npmjs.org/@types/commander/-/commander-2.12.5.tgz",
      "integrity": "sha512-YXGZ/rz+s57VbzcvEV9fUoXeJlBt5HaKu5iUheiIWNsJs23bz6AnRuRiZBRVBLYyPnixNvVnuzM5pSaxr8Yp/g==",
      "deprecated": "This is a stub types definition. commander provides its own type definitions, so you do not need this installed.",
      "license": "MIT",
      "dependencies": {
        "commander": "*"
      }
    },
    "node_modules/commander": {
      "version": "13.1.0",
      "resolved": "https://registry.npmjs.org/commander/-/commander-13.1.0.tgz",
      "integrity": "sha512-/rFeCpNJQbhSZjGVwO9RFV3xPqbnERS8MmIQzCtD/zl6gpJuV/bMLuN92oG3F7d8oDEHHRrujSXNUr8fpjntKw==",
      "license": "MIT",
      "engines": {
        "node": ">=18"
      }
    }
  }
}
